@@ -27,222 +27,9 @@
         "postcss-cli": "__VERSION__",
         "prettier": "__VERSION__",
         "sass": "__VERSION__",
-        "stylelint": "__VERSION__",
-        "stylelint-config-standard": "__VERSION__",
-        "stylelint-config-standard-scss": "__VERSION__",
-        "stylelint-order": "__VERSION__",
-        "stylelint-scss": "__VERSION__",
         "terser": "__VERSION__"
       }
     },
-    "node_modules/@babel/code-frame": {
-      "version": "__VERSION__",
-      "dev": true,
-      "license": "MIT",
-      "dependencies": {
-        "@babel/helper-validator-identifier": "__VERSION__",
-        "js-tokens": "__VERSION__",
-        "picocolors": "__VERSION__"
-      },
-      "engines": {
-        "node": "__VERSION__"
-      }
-    },
-    "node_modules/@babel/helper-validator-identifier": {
-      "version": "__VERSION__",
-      "dev": true,
-      "license": "MIT",
-      "engines": {
-        "node": "__VERSION__"
-      }
-    },
-    "node_modules/@cacheable/memory": {
-      "version": "__VERSION__",
-      "resolved": "https://registry.npmjs.org/@cacheable/memory/-/memory-__VERSION__.tgz",
-      "integrity": "__INTEGRITY__",
-      "dev": true,
-      "license": "MIT",
-      "dependencies": {
-        "@cacheable/utils": "__VERSION__",
-        "@keyv/bigmap": "__VERSION__",
-        "hookified": "__VERSION__",
-        "keyv": "__VERSION__"
-      }
-    },
-    "node_modules/@cacheable/memory/node_modules/@keyv/bigmap": {
-      "version": "__VERSION__",
-      "resolved": "https://registry.npmjs.org/@keyv/bigmap/-/bigmap-__VERSION__.tgz",
-      "integrity": "__INTEGRITY__",
-      "dev": true,
-      "license": "MIT",
-      "dependencies": {
-        "hashery": "__VERSION__",
-        "hookified": "__VERSION__"
-      },
-      "engines": {
-        "node": ">= 18"
-      },
-      "peerDependencies": {
-        "keyv": "__VERSION__"
-      }
-    },
-    "node_modules/@cacheable/memory/node_modules/keyv": {
-      "version": "__VERSION__",
-      "resolved": "https://registry.npmjs.org/keyv/-/keyv-__VERSION__.tgz",
-      "integrity": "__INTEGRITY__",
-      "dev": true,
-      "license": "MIT",
-      "dependencies": {
-        "@keyv/serialize": "__VERSION__"
-      }
-    },
-    "node_modules/@cacheable/utils": {
-      "version": "__VERSION__",
-      "resolved": "https://registry.npmjs.org/@cacheable/utils/-/utils-__VERSION__.tgz",
-      "integrity": "__INTEGRITY__",
-      "dev": true,
-      "license": "MIT",
-      "dependencies": {
-        "hashery": "__VERSION__",
-        "keyv": "__VERSION__"
-      }
-    },
-    "node_modules/@cacheable/utils/node_modules/keyv": {
-      "version": "__VERSION__",
-      "resolved": "https://registry.npmjs.org/keyv/-/keyv-__VERSION__.tgz",
-      "integrity": "__INTEGRITY__",
-      "dev": true,
-      "license": "MIT",
-      "dependencies": {
-        "@keyv/serialize": "__VERSION__"
-      }
-    },
-    "node_modules/@csstools/css-parser-algorithms": {
-      "version": "__VERSION__",
-      "resolved": "https://registry.npmjs.org/@csstools/css-parser-algorithms/-/css-parser-algorithms-__VERSION__.tgz",
-      "integrity": "__INTEGRITY__",
-      "dev": true,
-      "funding": [
-        {
-          "type": "github",
-          "url": "https://github.com/sponsors/csstools"
-        },
-        {
-          "type": "opencollective",
-          "url": "https://opencollective.com/csstools"
-        }
-      ],
-      "license": "MIT",
-      "engines": {
-        "node": "__VERSION__"
-      },
-      "peerDependencies": {
-        "@csstools/css-tokenizer": "__VERSION__"
-      }
-    },
-    "node_modules/@csstools/css-syntax-patches-for-csstree": {
-      "version": "__VERSION__",
-      "resolved": "https://registry.npmjs.org/@csstools/css-syntax-patches-for-csstree/-/css-syntax-patches-for-csstree-__VERSION__.tgz",
-      "integrity": "__INTEGRITY__",
-      "dev": true,
-      "funding": [
-        {
-          "type": "github",
-          "url": "https://github.com/sponsors/csstools"
-        },
-        {
-          "type": "opencollective",
-          "url": "https://opencollective.com/csstools"
-        }
-      ],
-      "license": "MIT-0",
-      "peerDependencies": {
-        "css-tree": "__VERSION__"
-      },
-      "peerDependenciesMeta": {
-        "css-tree": {
-          "optional": true
-        }
-      }
-    },
-    "node_modules/@csstools/css-tokenizer": {
-      "version": "__VERSION__",
-      "resolved": "https://registry.npmjs.org/@csstools/css-tokenizer/-/css-tokenizer-__VERSION__.tgz",
-      "integrity": "__INTEGRITY__",
-      "dev": true,
-      "funding": [
-        {
-          "type": "github",
-          "url": "https://github.com/sponsors/csstools"
-        },
-        {
-          "type": "opencollective",
-          "url": "https://opencollective.com/csstools"
-        }
-      ],
-      "license": "MIT",
-      "engines": {
-        "node": "__VERSION__"
-      }
-    },
-    "node_modules/@csstools/media-query-list-parser": {
-      "version": "__VERSION__",
-      "resolved": "https://registry.npmjs.org/@csstools/media-query-list-parser/-/media-query-list-parser-__VERSION__.tgz",
-      "integrity": "__INTEGRITY__",
-      "dev": true,
-      "funding": [
-        {
-          "type": "github",
-          "url": "https://github.com/sponsors/csstools"
-        },
-        {
-          "type": "opencollective",
-          "url": "https://opencollective.com/csstools"
-        }
-      ],
-      "license": "MIT",
-      "engines": {
-        "node": "__VERSION__"
-      },
-      "peerDependencies": {
-        "@csstools/css-parser-algorithms": "__VERSION__",
-        "@csstools/css-tokenizer": "__VERSION__"
-      }
-    },
-    "node_modules/@csstools/selector-specificity": {
-      "version": "__VERSION__",
-      "resolved": "https://registry.npmjs.org/@csstools/selector-specificity/-/selector-specificity-__VERSION__.tgz",
-      "integrity": "__INTEGRITY__",
-      "dev": true,
-      "funding": [
-        {
-          "type": "github",
-          "url": "https://github.com/sponsors/csstools"
-        },
-        {
-          "type": "opencollective",
-          "url": "https://opencollective.com/csstools"
-        }
-      ],
-      "license": "MIT-0",
-      "engines": {
-        "node": "__VERSION__"
-      },
-      "peerDependencies": {
-        "postcss-selector-parser": "__VERSION__"
-      }
-    },
-    "node_modules/@dual-bundle/import-meta-resolve": {
-      "version": "__VERSION__",
-      "resolved": "https://registry.npmjs.org/@dual-bundle/import-meta-resolve/-/import-meta-resolve-__VERSION__.tgz",
-      "integrity": "__INTEGRITY__",
-      "dev": true,
-      "license": "MIT",
-      "funding": {
-        "type": "github",
-        "url": "https://github.com/sponsors/JounQin"
-      }
-    },
     "node_modules/@es-joy/jsdoccomment": {
       "version": "__VERSION__",
       "resolved": "https://registry.npmjs.org/@es-joy/jsdoccomment/-/jsdoccomment-__VERSION__.tgz",
@@ -563,51 +350,6 @@
         "@jridgewell/sourcemap-codec": "__VERSION__"
       }
     },
-    "node_modules/@keyv/serialize": {
-      "version": "__VERSION__",
-      "resolved": "https://registry.npmjs.org/@keyv/serialize/-/serialize-__VERSION__.tgz",
-      "integrity": "__INTEGRITY__",
-      "dev": true,
-      "license": "MIT"
-    },
-    "node_modules/@nodelib/fs.scandir": {
-      "version": "__VERSION__",
-      "resolved": "https://registry.npmjs.org/@nodelib/fs.scandir/-/fs.scandir-__VERSION__.tgz",
-      "integrity": "__INTEGRITY__",
-      "dev": true,
-      "license": "MIT",
-      "dependencies": {
-        "@nodelib/fs.stat": "__VERSION__",
-        "run-parallel": "__VERSION__"
-      },
-      "engines": {
-        "node": ">= 8"
-      }
-    },
-    "node_modules/@nodelib/fs.stat": {
-      "version": "__VERSION__",
-      "resolved": "https://registry.npmjs.org/@nodelib/fs.stat/-/fs.stat-__VERSION__.tgz",
-      "integrity": "__INTEGRITY__",
-      "dev": true,
-      "license": "MIT",
-      "engines": {
-        "node": ">= 8"
-      }
-    },
-    "node_modules/@nodelib/fs.walk": {
-      "version": "__VERSION__",
-      "resolved": "https://registry.npmjs.org/@nodelib/fs.walk/-/fs.walk-__VERSION__.tgz",
-      "integrity": "__INTEGRITY__",
-      "dev": true,
-      "license": "MIT",
-      "dependencies": {
-        "@nodelib/fs.scandir": "__VERSION__",
-        "fastq": "__VERSION__"
-      },
-      "engines": {
-        "node": ">= 8"
-      }
-    },
     "node_modules/@parcel/watcher": {
       "version": "__VERSION__",
       "dev": true,
@@ -1124,16 +866,6 @@
         "url": "https://github.com/sponsors/ljharb"
       }
     },
-    "node_modules/array-union": {
-      "version": "__VERSION__",
-      "resolved": "https://registry.npmjs.org/array-union/-/array-union-__VERSION__.tgz",
-      "integrity": "__INTEGRITY__",
-      "dev": true,
-      "license": "MIT",
-      "engines": {
-        "node": "__VERSION__"
-      }
-    },
     "node_modules/array.prototype.findlastindex": {
       "version": "__VERSION__",
       "dev": true,
@@ -1208,14 +940,6 @@
         "url": "https://github.com/sponsors/ljharb"
       }
     },
-    "node_modules/astral-regex": {
-      "version": "__VERSION__",
-      "dev": true,
-      "license": "MIT",
-      "engines": {
-        "node": "__VERSION__"
-      }
-    },
     "node_modules/async-function": {
       "version": "__VERSION__",
       "dev": true,
@@ -1275,13 +999,6 @@
         "url": "https://github.com/sponsors/ljharb"
       }
     },
-    "node_modules/balanced-match": {
-      "version": "__VERSION__",
-      "resolved": "https://registry.npmjs.org/balanced-match/-/balanced-match-__VERSION__.tgz",
-      "integrity": "__INTEGRITY__",
-      "dev": true,
-      "license": "MIT"
-    },
     "node_modules/baseline-browser-mapping": {
       "version": "__VERSION__",
       "resolved": "https://registry.npmjs.org/baseline-browser-mapping/-/baseline-browser-mapping-__VERSION__.tgz",
@@ -1370,30 +1087,6 @@
       "dev": true,
       "license": "MIT"
     },
-    "node_modules/cacheable": {
-      "version": "__VERSION__",
-      "resolved": "https://registry.npmjs.org/cacheable/-/cacheable-__VERSION__.tgz",
-      "integrity": "__INTEGRITY__",
-      "dev": true,
-      "license": "MIT",
-      "dependencies": {
-        "@cacheable/memory": "__VERSION__",
-        "@cacheable/utils": "__VERSION__",
-        "hookified": "__VERSION__",
-        "keyv": "__VERSION__",
-        "qified": "__VERSION__"
-      }
-    },
-    "node_modules/cacheable/node_modules/keyv": {
-      "version": "__VERSION__",
-      "resolved": "https://registry.npmjs.org/keyv/-/keyv-__VERSION__.tgz",
-      "integrity": "__INTEGRITY__",
-      "dev": true,
-      "license": "MIT",
-      "dependencies": {
-        "@keyv/serialize": "__VERSION__"
-      }
-    },
     "node_modules/call-bind": {
       "version": "__VERSION__",
       "dev": true,
@@ -1617,11 +1310,6 @@
       "dev": true,
       "license": "MIT"
     },
-    "node_modules/colord": {
-      "version": "__VERSION__",
-      "dev": true,
-      "license": "MIT"
-    },
     "node_modules/commander": {
       "version": "__VERSION__",
       "dev": true,
@@ -1642,31 +1330,6 @@
       "dev": true,
       "license": "MIT"
     },
-    "node_modules/cosmiconfig": {
-      "version": "__VERSION__",
-      "dev": true,
-      "license": "MIT",
-      "dependencies": {
-        "env-paths": "__VERSION__",
-        "import-fresh": "__VERSION__",
-        "js-yaml": "__VERSION__",
-        "parse-json": "__VERSION__"
-      },
-      "engines": {
-        "node": "__VERSION__"
-      },
-      "funding": {
-        "url": "https://github.com/sponsors/d-fischer"
-      },
-      "peerDependencies": {
-        "typescript": "__VERSION__"
-      },
-      "peerDependenciesMeta": {
-        "typescript": {
-          "optional": true
-        }
-      }
-    },
     "node_modules/cross-spawn": {
       "version": "__VERSION__",
       "resolved": "https://registry.npmjs.org/cross-spawn/-/cross-spawn-__VERSION__.tgz",
@@ -1698,42 +1361,6 @@
         "node": ">= 8"
       }
     },
-    "node_modules/css-functions-list": {
-      "version": "__VERSION__",
-      "dev": true,
-      "license": "MIT",
-      "engines": {
-        "node": "__VERSION__"
-      }
-    },
-    "node_modules/css-tree": {
-      "version": "__VERSION__",
-      "dev": true,
-      "license": "MIT",
-      "dependencies": {
-        "mdn-data": "__VERSION__",
-        "source-map-js": "__VERSION__"
-      },
-      "engines": {
-        "node": "^10 || __VERSION__ || __VERSION__ || >=__VERSION__"
-      }
-    },
-    "node_modules/css-tree/node_modules/mdn-data": {
-      "version": "__VERSION__",
-      "dev": true,
-      "license": "CC0-1.0"
-    },
-    "node_modules/cssesc": {
-      "version": "__VERSION__",
-      "dev": true,
-      "license": "MIT",
-      "bin": {
-        "cssesc": "bin/cssesc"
-      },
-      "engines": {
-        "node": "__VERSION__"
-      }
-    },
     "node_modules/data-view-buffer": {
       "version": "__VERSION__",
       "dev": true,
@@ -1870,19 +1497,6 @@
         "node": "__VERSION__ || __VERSION__ || __VERSION__ || >=__VERSION__"
       }
     },
-    "node_modules/dir-glob": {
-      "version": "__VERSION__",
-      "resolved": "https://registry.npmjs.org/dir-glob/-/dir-glob-__VERSION__.tgz",
-      "integrity": "__INTEGRITY__",
-      "dev": true,
-      "license": "MIT",
-      "dependencies": {
-        "path-type": "__VERSION__"
-      },
-      "engines": {
-        "node": "__VERSION__"
-      }
-    },
     "node_modules/doctrine": {
       "version": "__VERSION__",
       "dev": true,
@@ -1919,22 +1533,6 @@
       "dev": true,
       "license": "MIT"
     },
-    "node_modules/env-paths": {
-      "version": "__VERSION__",
-      "dev": true,
-      "license": "MIT",
-      "engines": {
-        "node": "__VERSION__"
-      }
-    },
-    "node_modules/error-ex": {
-      "version": "__VERSION__",
-      "dev": true,
-      "license": "MIT",
-      "dependencies": {
-        "is-arrayish": "__VERSION__"
-      }
-    },
     "node_modules/es-abstract": {
       "version": "__VERSION__",
       "dev": true,
@@ -2565,23 +2163,6 @@
       "dev": true,
       "license": "Apache-2.0"
     },
-    "node_modules/fast-glob": {
-      "version": "__VERSION__",
-      "resolved": "https://registry.npmjs.org/fast-glob/-/fast-glob-__VERSION__.tgz",
-      "integrity": "__INTEGRITY__",
-      "dev": true,
-      "license": "MIT",
-      "dependencies": {
-        "@nodelib/fs.stat": "__VERSION__",
-        "@nodelib/fs.walk": "__VERSION__",
-        "glob-parent": "__VERSION__",
-        "merge2": "__VERSION__",
-        "micromatch": "__VERSION__"
-      },
-      "engines": {
-        "node": "__VERSION__"
-      }
-    },
     "node_modules/fast-json-stable-stringify": {
       "version": "__VERSION__",
       "dev": true,
@@ -2592,39 +2173,6 @@
       "dev": true,
       "license": "MIT"
     },
-    "node_modules/fast-uri": {
-      "version": "__VERSION__",
-      "dev": true,
-      "funding": [
-        {
-          "type": "github",
-          "url": "https://github.com/sponsors/fastify"
-        },
-        {
-          "type": "opencollective",
-          "url": "https://opencollective.com/fastify"
-        }
-      ],
-      "license": "BSD-3-Clause"
-    },
-    "node_modules/fastest-levenshtein": {
-      "version": "__VERSION__",
-      "dev": true,
-      "license": "MIT",
-      "engines": {
-        "node": ">= __VERSION__"
-      }
-    },
-    "node_modules/fastq": {
-      "version": "__VERSION__",
-      "resolved": "https://registry.npmjs.org/fastq/-/fastq-__VERSION__.tgz",
-      "integrity": "__INTEGRITY__",
-      "dev": true,
-      "license": "ISC",
-      "dependencies": {
-        "reusify": "__VERSION__"
-      }
-    },
     "node_modules/file-entry-cache": {
       "version": "__VERSION__",
       "resolved": "https://registry.npmjs.org/file-entry-cache/-/file-entry-cache-__VERSION__.tgz",
@@ -2863,30 +2411,6 @@
         "node": ">= 6"
       }
     },
-    "node_modules/global-modules": {
-      "version": "__VERSION__",
-      "dev": true,
-      "license": "MIT",
-      "dependencies": {
-        "global-prefix": "__VERSION__"
-      },
-      "engines": {
-        "node": "__VERSION__"
-      }
-    },
-    "node_modules/global-prefix": {
-      "version": "__VERSION__",
-      "dev": true,
-      "license": "MIT",
-      "dependencies": {
-        "ini": "__VERSION__",
-        "kind-of": "__VERSION__",
-        "which": "__VERSION__"
-      },
-      "engines": {
-        "node": "__VERSION__"
-      }
-    },
     "node_modules/globals": {
       "version": "__VERSION__",
       "resolved": "https://registry.npmjs.org/globals/-/globals-__VERSION__.tgz",
@@ -2915,42 +2439,6 @@
         "url": "https://github.com/sponsors/ljharb"
       }
     },
-    "node_modules/globby": {
-      "version": "__VERSION__",
-      "resolved": "https://registry.npmjs.org/globby/-/globby-__VERSION__.tgz",
-      "integrity": "__INTEGRITY__",
-      "dev": true,
-      "license": "MIT",
-      "dependencies": {
-        "array-union": "__VERSION__",
-        "dir-glob": "__VERSION__",
-        "fast-glob": "__VERSION__",
-        "ignore": "__VERSION__",
-        "merge2": "__VERSION__",
-        "slash": "__VERSION__"
-      },
-      "engines": {
-        "node": "__VERSION__"
-      },
-      "funding": {
-        "url": "https://github.com/sponsors/sindresorhus"
-      }
-    },
-    "node_modules/globby/node_modules/slash": {
-      "version": "__VERSION__",
-      "resolved": "https://registry.npmjs.org/slash/-/slash-__VERSION__.tgz",
-      "integrity": "__INTEGRITY__",
-      "dev": true,
-      "license": "MIT",
-      "engines": {
-        "node": "__VERSION__"
-      }
-    },
-    "node_modules/globjoin": {
-      "version": "__VERSION__",
-      "dev": true,
-      "license": "MIT"
-    },
     "node_modules/gopd": {
       "version": "__VERSION__",
       "dev": true,
@@ -3036,19 +2524,6 @@
         "url": "https://github.com/sponsors/ljharb"
       }
     },
-    "node_modules/hashery": {
-      "version": "__VERSION__",
-      "resolved": "https://registry.npmjs.org/hashery/-/hashery-__VERSION__.tgz",
-      "integrity": "__INTEGRITY__",
-      "dev": true,
-      "license": "MIT",
-      "dependencies": {
-        "hookified": "__VERSION__"
-      },
-      "engines": {
-        "node": "__VERSION__"
-      }
-    },
     "node_modules/hasown": {
       "version": "__VERSION__",
       "dev": true,
@@ -3060,13 +2535,6 @@
         "node": ">= 0.4"
       }
     },
-    "node_modules/hookified": {
-      "version": "__VERSION__",
-      "resolved": "https://registry.npmjs.org/hookified/-/hookified-__VERSION__.tgz",
-      "integrity": "__INTEGRITY__",
-      "dev": true,
-      "license": "MIT"
-    },
     "node_modules/html-entities": {
       "version": "__VERSION__",
       "dev": true,
@@ -3082,19 +2550,6 @@
       ],
       "license": "MIT"
     },
-    "node_modules/html-tags": {
-      "version": "__VERSION__",
-      "resolved": "https://registry.npmjs.org/html-tags/-/html-tags-__VERSION__.tgz",
-      "integrity": "__INTEGRITY__",
-      "dev": true,
-      "license": "MIT",
-      "engines": {
-        "node": "__VERSION__"
-      },
-      "funding": {
-        "url": "https://github.com/sponsors/sindresorhus"
-      }
-    },
     "node_modules/ignore": {
       "version": "__VERSION__",
       "dev": true,
@@ -3139,11 +2594,6 @@
         "node": "__VERSION__"
       }
     },
-    "node_modules/ini": {
-      "version": "__VERSION__",
-      "dev": true,
-      "license": "ISC"
-    },
     "node_modules/internal-slot": {
       "version": "__VERSION__",
       "dev": true,
@@ -3173,11 +2623,6 @@
         "url": "https://github.com/sponsors/ljharb"
       }
     },
-    "node_modules/is-arrayish": {
-      "version": "__VERSION__",
-      "dev": true,
-      "license": "MIT"
-    },
     "node_modules/is-async-function": {
       "version": "__VERSION__",
       "dev": true,
@@ -3424,14 +2869,6 @@
         "url": "https://github.com/sponsors/ljharb"
       }
     },
-    "node_modules/is-plain-object": {
-      "version": "__VERSION__",
-      "dev": true,
-      "license": "MIT",
-      "engines": {
-        "node": "__VERSION__"
-      }
-    },
     "node_modules/is-regex": {
       "version": "__VERSION__",
       "dev": true,
@@ -3580,11 +3017,6 @@
       "dev": true,
       "license": "ISC"
     },
-    "node_modules/js-tokens": {
-      "version": "__VERSION__",
-      "dev": true,
-      "license": "MIT"
-    },
     "node_modules/js-yaml": {
       "version": "__VERSION__",
       "resolved": "https://registry.npmjs.org/js-yaml/-/js-yaml-__VERSION__.tgz",
@@ -3625,11 +3057,6 @@
       "dev": true,
       "license": "MIT"
     },
-    "node_modules/json-parse-even-better-errors": {
-      "version": "__VERSION__",
-      "dev": true,
-      "license": "MIT"
-    },
     "node_modules/json-schema-traverse": {
       "version": "__VERSION__",
       "dev": true,
@@ -3702,14 +3129,6 @@
         "json-buffer": "__VERSION__"
       }
     },
-    "node_modules/kind-of": {
-      "version": "__VERSION__",
-      "dev": true,
-      "license": "MIT",
-      "engines": {
-        "node": "__VERSION__"
-      }
-    },
     "node_modules/klaw-sync": {
       "version": "__VERSION__",
       "dev": true,
@@ -3718,11 +3137,6 @@
         "graceful-fs": "__VERSION__"
       }
     },
-    "node_modules/known-css-properties": {
-      "version": "__VERSION__",
-      "dev": true,
-      "license": "MIT"
-    },
     "node_modules/levn": {
       "version": "__VERSION__",
       "dev": true,
@@ -3746,11 +3160,6 @@
         "url": "https://github.com/sponsors/antonk52"
       }
     },
-    "node_modules/lines-and-columns": {
-      "version": "__VERSION__",
-      "dev": true,
-      "license": "MIT"
-    },
     "node_modules/locate-path": {
       "version": "__VERSION__",
       "dev": true,
@@ -3780,11 +3189,6 @@
       "dev": true,
       "license": "MIT"
     },
-    "node_modules/lodash.truncate": {
-      "version": "__VERSION__",
-      "dev": true,
-      "license": "MIT"
-    },
     "node_modules/math-intrinsics": {
       "version": "__VERSION__",
       "dev": true,
@@ -3793,47 +3197,6 @@
         "node": ">= 0.4"
       }
     },
-    "node_modules/mathml-tag-names": {
-      "version": "__VERSION__",
-      "resolved": "https://registry.npmjs.org/mathml-tag-names/-/mathml-tag-names-__VERSION__.tgz",
-      "integrity": "__INTEGRITY__",
-      "dev": true,
-      "license": "MIT",
-      "funding": {
-        "type": "github",
-        "url": "https://github.com/sponsors/wooorm"
-      }
-    },
-    "node_modules/mdn-data": {
-      "version": "__VERSION__",
-      "resolved": "https://registry.npmjs.org/mdn-data/-/mdn-data-__VERSION__.tgz",
-      "integrity": "__INTEGRITY__",
-      "dev": true,
-      "license": "CC0-1.0"
-    },
-    "node_modules/meow": {
-      "version": "__VERSION__",
-      "resolved": "https://registry.npmjs.org/meow/-/meow-__VERSION__.tgz",
-      "integrity": "__INTEGRITY__",
-      "dev": true,
-      "license": "MIT",
-      "engines": {
-        "node": "__VERSION__"
-      },
-      "funding": {
-        "url": "https://github.com/sponsors/sindresorhus"
-      }
-    },
-    "node_modules/merge2": {
-      "version": "__VERSION__",
-      "resolved": "https://registry.npmjs.org/merge2/-/merge2-__VERSION__.tgz",
-      "integrity": "__INTEGRITY__",
-      "dev": true,
-      "license": "MIT",
-      "engines": {
-        "node": ">= 8"
-      }
-    },
     "node_modules/micromatch": {
       "version": "__VERSION__",
       "dev": true,
@@ -4141,23 +3504,6 @@
         "parse-statements": "__VERSION__"
       }
     },
-    "node_modules/parse-json": {
-      "version": "__VERSION__",
-      "dev": true,
-      "license": "MIT",
-      "dependencies": {
-        "@babel/code-frame": "__VERSION__",
-        "error-ex": "__VERSION__",
-        "json-parse-even-better-errors": "__VERSION__",
-        "lines-and-columns": "__VERSION__"
-      },
-      "engines": {
-        "node": "__VERSION__"
-      },
-      "funding": {
-        "url": "https://github.com/sponsors/sindresorhus"
-      }
-    },
     "node_modules/parse-statements": {
       "version": "__VERSION__",
       "dev": true,
@@ -4244,16 +3590,6 @@
       "dev": true,
       "license": "MIT"
     },
-    "node_modules/path-type": {
-      "version": "__VERSION__",
-      "resolved": "https://registry.npmjs.org/path-type/-/path-type-__VERSION__.tgz",
-      "integrity": "__INTEGRITY__",
-      "dev": true,
-      "license": "MIT",
-      "engines": {
-        "node": "__VERSION__"
-      }
-    },
     "node_modules/picocolors": {
       "version": "__VERSION__",
       "dev": true,
@@ -4453,13 +3789,6 @@
         }
       }
     },
-    "node_modules/postcss-media-query-parser": {
-      "version": "__VERSION__",
-      "resolved": "https://registry.npmjs.org/postcss-media-query-parser/-/postcss-media-query-parser-__VERSION__.tgz",
-      "integrity": "__INTEGRITY__",
-      "dev": true,
-      "license": "MIT"
-    },
     "node_modules/postcss-reporter": {
       "version": "__VERSION__",
       "dev": true,
@@ -4485,85 +3814,6 @@
         "postcss": "__VERSION__"
       }
     },
-    "node_modules/postcss-resolve-nested-selector": {
-      "version": "__VERSION__",
-      "dev": true,
-      "license": "MIT"
-    },
-    "node_modules/postcss-safe-parser": {
-      "version": "__VERSION__",
-      "dev": true,
-      "funding": [
-        {
-          "type": "opencollective",
-          "url": "https://opencollective.com/postcss/"
-        },
-        {
-          "type": "tidelift",
-          "url": "https://tidelift.com/funding/github/npm/postcss-safe-parser"
-        },
-        {
-          "type": "github",
-          "url": "https://github.com/sponsors/ai"
-        }
-      ],
-      "license": "MIT",
-      "engines": {
-        "node": "__VERSION__"
-      },
-      "peerDependencies": {
-        "postcss": "__VERSION__"
-      }
-    },
-    "node_modules/postcss-scss": {
-      "version": "__VERSION__",
-      "resolved": "https://registry.npmjs.org/postcss-scss/-/postcss-scss-__VERSION__.tgz",
-      "integrity": "__INTEGRITY__",
-      "dev": true,
-      "funding": [
-        {
-          "type": "opencollective",
-          "url": "https://opencollective.com/postcss/"
-        },
-        {
-          "type": "tidelift",
-          "url": "https://tidelift.com/funding/github/npm/postcss-scss"
-        },
-        {
-          "type": "github",
-          "url": "https://github.com/sponsors/ai"
-        }
-      ],
-      "license": "MIT",
-      "engines": {
-        "node": "__VERSION__"
-      },
-      "peerDependencies": {
-        "postcss": "__VERSION__"
-      }
-    },
-    "node_modules/postcss-selector-parser": {
-      "version": "__VERSION__",
-      "dev": true,
-      "license": "MIT",
-      "dependencies": {
-        "cssesc": "__VERSION__",
-        "util-deprecate": "__VERSION__"
-      },
-      "engines": {
-        "node": "__VERSION__"
-      }
-    },
-    "node_modules/postcss-sorting": {
-      "version": "__VERSION__",
-      "resolved": "https://registry.npmjs.org/postcss-sorting/-/postcss-sorting-__VERSION__.tgz",
-      "integrity": "__INTEGRITY__",
-      "dev": true,
-      "license": "MIT",
-      "peerDependencies": {
-        "postcss": "__VERSION__"
-      }
-    },
     "node_modules/postcss-value-parser": {
       "version": "__VERSION__",
       "dev": true,
@@ -4620,47 +3870,6 @@
         "node": "__VERSION__"
       }
     },
-    "node_modules/qified": {
-      "version": "__VERSION__",
-      "resolved": "https://registry.npmjs.org/qified/-/qified-__VERSION__.tgz",
-      "integrity": "__INTEGRITY__",
-      "dev": true,
-      "license": "MIT",
-      "dependencies": {
-        "hookified": "__VERSION__"
-      },
-      "engines": {
-        "node": "__VERSION__"
-      }
-    },
-    "node_modules/qified/node_modules/hookified": {
-      "version": "__VERSION__",
-      "resolved": "https://registry.npmjs.org/hookified/-/hookified-__VERSION__.tgz",
-      "integrity": "__INTEGRITY__",
-      "dev": true,
-      "license": "MIT"
-    },
-    "node_modules/queue-microtask": {
-      "version": "__VERSION__",
-      "resolved": "https://registry.npmjs.org/queue-microtask/-/queue-microtask-__VERSION__.tgz",
-      "integrity": "__INTEGRITY__",
-      "dev": true,
-      "funding": [
-        {
-          "type": "github",
-          "url": "https://github.com/sponsors/feross"
-        },
-        {
-          "type": "patreon",
-          "url": "https://www.patreon.com/feross"
-        },
-        {
-          "type": "consulting",
-          "url": "https://feross.org/support"
-        }
-      ],
-      "license": "MIT"
-    },
     "node_modules/ramda": {
       "version": "__VERSION__",
       "dev": true,
@@ -4737,14 +3946,6 @@
         "node": "__VERSION__"
       }
     },
-    "node_modules/require-from-string": {
-      "version": "__VERSION__",
-      "dev": true,
-      "license": "MIT",
-      "engines": {
-        "node": "__VERSION__"
-      }
-    },
     "node_modules/require-main-filename": {
       "version": "__VERSION__",
       "dev": true,
@@ -4783,51 +3984,6 @@
         "url": "https://github.com/sponsors/ljharb"
       }
     },
-    "node_modules/resolve-from": {
-      "version": "__VERSION__",
-      "resolved": "https://registry.npmjs.org/resolve-from/-/resolve-from-__VERSION__.tgz",
-      "integrity": "__INTEGRITY__",
-      "dev": true,
-      "license": "MIT",
-      "engines": {
-        "node": "__VERSION__"
-      }
-    },
-    "node_modules/reusify": {
-      "version": "__VERSION__",
-      "resolved": "https://registry.npmjs.org/reusify/-/reusify-__VERSION__.tgz",
-      "integrity": "__INTEGRITY__",
-      "dev": true,
-      "license": "MIT",
-      "engines": {
-        "iojs": "__VERSION__",
-        "node": "__VERSION__"
-      }
-    },
-    "node_modules/run-parallel": {
-      "version": "__VERSION__",
-      "resolved": "https://registry.npmjs.org/run-parallel/-/run-parallel-__VERSION__.tgz",
-      "integrity": "__INTEGRITY__",
-      "dev": true,
-      "funding": [
-        {
-          "type": "github",
-          "url": "https://github.com/sponsors/feross"
-        },
-        {
-          "type": "patreon",
-          "url": "https://www.patreon.com/feross"
-        },
-        {
-          "type": "consulting",
-          "url": "https://feross.org/support"
-        }
-      ],
-      "license": "MIT",
-      "dependencies": {
-        "queue-microtask": "__VERSION__"
-      }
-    },
     "node_modules/safe-array-concat": {
       "version": "__VERSION__",
       "dev": true,
@@ -5071,19 +4227,6 @@
         "url": "https://github.com/sponsors/ljharb"
       }
     },
-    "node_modules/signal-exit": {
-      "version": "__VERSION__",
-      "resolved": "https://registry.npmjs.org/signal-exit/-/signal-exit-__VERSION__.tgz",
-      "integrity": "__INTEGRITY__",
-      "dev": true,
-      "license": "ISC",
-      "engines": {
-        "node": "__VERSION__"
-      },
-      "funding": {
-        "url": "https://github.com/sponsors/isaacs"
-      }
-    },
     "node_modules/slash": {
       "version": "__VERSION__",
       "dev": true,
@@ -5092,22 +4235,6 @@
         "node": "__VERSION__"
       }
     },
-    "node_modules/slice-ansi": {
-      "version": "__VERSION__",
-      "dev": true,
-      "license": "MIT",
-      "dependencies": {
-        "ansi-styles": "__VERSION__",
-        "astral-regex": "__VERSION__",
-        "is-fullwidth-code-point": "__VERSION__"
-      },
-      "engines": {
-        "node": "__VERSION__"
-      },
-      "funding": {
-        "url": "https://github.com/chalk/slice-ansi?sponsor=1"
-      }
-    },
     "node_modules/source-map": {
       "version": "__VERSION__",
       "dev": true,
@@ -5267,236 +4394,6 @@
         "url": "https://github.com/sponsors/sindresorhus"
       }
     },
-    "node_modules/stylelint": {
-      "version": "__VERSION__",
-      "resolved": "https://registry.npmjs.org/stylelint/-/stylelint-__VERSION__.tgz",
-      "integrity": "__INTEGRITY__",
-      "dev": true,
-      "funding": [
-        {
-          "type": "opencollective",
-          "url": "https://opencollective.com/stylelint"
-        },
-        {
-          "type": "github",
-          "url": "https://github.com/sponsors/stylelint"
-        }
-      ],
-      "license": "MIT",
-      "dependencies": {
-        "@csstools/css-parser-algorithms": "__VERSION__",
-        "@csstools/css-syntax-patches-for-csstree": "__VERSION__",
-        "@csstools/css-tokenizer": "__VERSION__",
-        "@csstools/media-query-list-parser": "__VERSION__",
-        "@csstools/selector-specificity": "__VERSION__",
-        "@dual-bundle/import-meta-resolve": "__VERSION__",
-        "balanced-match": "__VERSION__",
-        "colord": "__VERSION__",
-        "cosmiconfig": "__VERSION__",
-        "css-functions-list": "__VERSION__",
-        "css-tree": "__VERSION__",
-        "debug": "__VERSION__",
-        "fast-glob": "__VERSION__",
-        "fastest-levenshtein": "__VERSION__",
-        "file-entry-cache": "__VERSION__",
-        "global-modules": "__VERSION__",
-        "globby": "__VERSION__",
-        "globjoin": "__VERSION__",
-        "html-tags": "__VERSION__",
-        "ignore": "__VERSION__",
-        "imurmurhash": "__VERSION__",
-        "is-plain-object": "__VERSION__",
-        "known-css-properties": "__VERSION__",
-        "mathml-tag-names": "__VERSION__",
-        "meow": "__VERSION__",
-        "micromatch": "__VERSION__",
-        "normalize-path": "__VERSION__",
-        "picocolors": "__VERSION__",
-        "postcss": "__VERSION__",
-        "postcss-resolve-nested-selector": "__VERSION__",
-        "postcss-safe-parser": "__VERSION__",
-        "postcss-selector-parser": "__VERSION__",
-        "postcss-value-parser": "__VERSION__",
-        "resolve-from": "__VERSION__",
-        "string-width": "__VERSION__",
-        "supports-hyperlinks": "__VERSION__",
-        "svg-tags": "__VERSION__",
-        "table": "__VERSION__",
-        "write-file-atomic": "__VERSION__"
-      },
-      "bin": {
-        "stylelint": "bin/stylelint.mjs"
-      },
-      "engines": {
-        "node": "__VERSION__"
-      }
-    },
-    "node_modules/stylelint-config-recommended": {
-      "version": "__VERSION__",
-      "resolved": "https://registry.npmjs.org/stylelint-config-recommended/-/stylelint-config-recommended-__VERSION__.tgz",
-      "integrity": "__INTEGRITY__",
-      "dev": true,
-      "funding": [
-        {
-          "type": "opencollective",
-          "url": "https://opencollective.com/stylelint"
-        },
-        {
-          "type": "github",
-          "url": "https://github.com/sponsors/stylelint"
-        }
-      ],
-      "license": "MIT",
-      "engines": {
-        "node": "__VERSION__"
-      },
-      "peerDependencies": {
-        "stylelint": "__VERSION__"
-      }
-    },
-    "node_modules/stylelint-config-recommended-scss": {
-      "version": "__VERSION__",
-      "resolved": "https://registry.npmjs.org/stylelint-config-recommended-scss/-/stylelint-config-recommended-scss-__VERSION__.tgz",
-      "integrity": "__INTEGRITY__",
-      "dev": true,
-      "license": "MIT",
-      "dependencies": {
-        "postcss-scss": "__VERSION__",
-        "stylelint-config-recommended": "__VERSION__",
-        "stylelint-scss": "__VERSION__"
-      },
-      "engines": {
-        "node": "__VERSION__"
-      },
-      "peerDependencies": {
-        "postcss": "__VERSION__",
-        "stylelint": "__VERSION__"
-      },
-      "peerDependenciesMeta": {
-        "postcss": {
-          "optional": true
-        }
-      }
-    },
-    "node_modules/stylelint-config-standard": {
-      "version": "__VERSION__",
-      "resolved": "https://registry.npmjs.org/stylelint-config-standard/-/stylelint-config-standard-__VERSION__.tgz",
-      "integrity": "__INTEGRITY__",
-      "dev": true,
-      "funding": [
-        {
-          "type": "opencollective",
-          "url": "https://opencollective.com/stylelint"
-        },
-        {
-          "type": "github",
-          "url": "https://github.com/sponsors/stylelint"
-        }
-      ],
-      "license": "MIT",
-      "dependencies": {
-        "stylelint-config-recommended": "__VERSION__"
-      },
-      "engines": {
-        "node": "__VERSION__"
-      },
-      "peerDependencies": {
-        "stylelint": "__VERSION__"
-      }
-    },
-    "node_modules/stylelint-config-standard-scss": {
-      "version": "__VERSION__",
-      "resolved": "https://registry.npmjs.org/stylelint-config-standard-scss/-/stylelint-config-standard-scss-__VERSION__.tgz",
-      "integrity": "__INTEGRITY__",
-      "dev": true,
-      "license": "MIT",
-      "dependencies": {
-        "stylelint-config-recommended-scss": "__VERSION__",
-        "stylelint-config-standard": "__VERSION__"
-      },
-      "engines": {
-        "node": "__VERSION__"
-      },
-      "peerDependencies": {
-        "postcss": "__VERSION__",
-        "stylelint": "__VERSION__"
-      },
-      "peerDependenciesMeta": {
-        "postcss": {
-          "optional": true
-        }
-      }
-    },
-    "node_modules/stylelint-order": {
-      "version": "__VERSION__",
-      "resolved": "https://registry.npmjs.org/stylelint-order/-/stylelint-order-__VERSION__.tgz",
-      "integrity": "__INTEGRITY__",
-      "dev": true,
-      "license": "MIT",
-      "dependencies": {
-        "postcss": "__VERSION__",
-        "postcss-sorting": "__VERSION__"
-      },
-      "engines": {
-        "node": "__VERSION__"
-      },
-      "peerDependencies": {
-        "stylelint": "__VERSION__ || __VERSION__"
-      }
-    },
-    "node_modules/stylelint-scss": {
-      "version": "__VERSION__",
-      "resolved": "https://registry.npmjs.org/stylelint-scss/-/stylelint-scss-__VERSION__.tgz",
-      "integrity": "__INTEGRITY__",
-      "dev": true,
-      "license": "MIT",
-      "dependencies": {
-        "css-tree": "__VERSION__",
-        "is-plain-object": "__VERSION__",
-        "known-css-properties": "__VERSION__",
-        "mdn-data": "__VERSION__",
-        "postcss-media-query-parser": "__VERSION__",
-        "postcss-resolve-nested-selector": "__VERSION__",
-        "postcss-selector-parser": "__VERSION__",
-        "postcss-value-parser": "__VERSION__"
-      },
-      "engines": {
-        "node": "__VERSION__"
-      },
-      "peerDependencies": {
-        "stylelint": "__VERSION__"
-      }
-    },
-    "node_modules/stylelint/node_modules/file-entry-cache": {
-      "version": "__VERSION__",
-      "resolved": "https://registry.npmjs.org/file-entry-cache/-/file-entry-cache-__VERSION__.tgz",
-      "integrity": "__INTEGRITY__",
-      "dev": true,
-      "license": "MIT",
-      "dependencies": {
-        "flat-cache": "__VERSION__"
-      }
-    },
-    "node_modules/stylelint/node_modules/flat-cache": {
-      "version": "__VERSION__",
-      "resolved": "https://registry.npmjs.org/flat-cache/-/flat-cache-__VERSION__.tgz",
-      "integrity": "__INTEGRITY__",
-      "dev": true,
-      "license": "MIT",
-      "dependencies": {
-        "cacheable": "__VERSION__",
-        "flatted": "__VERSION__",
-        "hookified": "__VERSION__"
-      }
-    },
-    "node_modules/stylelint/node_modules/ignore": {
-      "version": "__VERSION__",
-      "dev": true,
-      "license": "MIT",
-      "engines": {
-        "node": ">= 4"
-      }
-    },
     "node_modules/supports-color": {
       "version": "__VERSION__",
       "dev": true,
@@ -5508,23 +4405,6 @@
         "node": "__VERSION__"
       }
     },
-    "node_modules/supports-hyperlinks": {
-      "version": "__VERSION__",
-      "resolved": "https://registry.npmjs.org/supports-hyperlinks/-/supports-hyperlinks-__VERSION__.tgz",
-      "integrity": "__INTEGRITY__",
-      "dev": true,
-      "license": "MIT",
-      "dependencies": {
-        "has-flag": "__VERSION__",
-        "supports-color": "__VERSION__"
-      },
-      "engines": {
-        "node": "__VERSION__"
-      },
-      "funding": {
-        "url": "https://github.com/chalk/supports-hyperlinks?sponsor=1"
-      }
-    },
     "node_modules/supports-preserve-symlinks-flag": {
       "version": "__VERSION__",
       "dev": true,
@@ -5536,10 +4416,6 @@
         "url": "https://github.com/sponsors/ljharb"
       }
     },
-    "node_modules/svg-tags": {
-      "version": "__VERSION__",
-      "dev": true
-    },
     "node_modules/synckit": {
       "version": "__VERSION__",
       "dev": true,
@@ -5554,41 +4430,6 @@
         "url": "https://opencollective.com/synckit"
       }
     },
-    "node_modules/table": {
-      "version": "__VERSION__",
-      "dev": true,
-      "license": "BSD-3-Clause",
-      "dependencies": {
-        "ajv": "__VERSION__",
-        "lodash.truncate": "__VERSION__",
-        "slice-ansi": "__VERSION__",
-        "string-width": "__VERSION__",
-        "strip-ansi": "__VERSION__"
-      },
-      "engines": {
-        "node": "__VERSION__"
-      }
-    },
-    "node_modules/table/node_modules/ajv": {
-      "version": "__VERSION__",
-      "dev": true,
-      "license": "MIT",
-      "dependencies": {
-        "fast-deep-equal": "__VERSION__",
-        "fast-uri": "__VERSION__",
-        "json-schema-traverse": "__VERSION__",
-        "require-from-string": "__VERSION__"
-      },
-      "funding": {
-        "type": "github",
-        "url": "https://github.com/sponsors/epoberezkin"
-      }
-    },
-    "node_modules/table/node_modules/json-schema-traverse": {
-      "version": "__VERSION__",
-      "dev": true,
-      "license": "MIT"
-    },
     "node_modules/terser": {
       "version": "__VERSION__",
       "resolved": "https://registry.npmjs.org/terser/-/terser-__VERSION__.tgz",
@@ -5847,22 +4688,6 @@
         "punycode": "__VERSION__"
       }
     },
-    "node_modules/util-deprecate": {
-      "version": "__VERSION__",
-      "dev": true,
-      "license": "MIT"
-    },
-    "node_modules/which": {
-      "version": "__VERSION__",
-      "dev": true,
-      "license": "ISC",
-      "dependencies": {
-        "isexe": "__VERSION__"
-      },
-      "bin": {
-        "which": "bin/which"
-      }
-    },
     "node_modules/which-boxed-primitive": {
       "version": "__VERSION__",
       "dev": true,
@@ -6037,20 +4862,6 @@
       },
       "engines": {
         "node": "__VERSION__"
-      }
-    },
-    "node_modules/write-file-atomic": {
-      "version": "__VERSION__",
-      "resolved": "https://registry.npmjs.org/write-file-atomic/-/write-file-atomic-__VERSION__.tgz",
-      "integrity": "__INTEGRITY__",
-      "dev": true,
-      "license": "ISC",
-      "dependencies": {
-        "imurmurhash": "__VERSION__",
-        "signal-exit": "__VERSION__"
-      },
-      "engines": {
-        "node": "__VERSION__ || __VERSION__ || >=__VERSION__"
       }
     },
     "node_modules/y18n": {
