# THIS IS AN AUTOGENERATED FILE. DO NOT EDIT THIS FILE DIRECTLY.
# yarn lockfile v1


"bats-helpers@github:drevops/bats-helpers#main":
  version "1.6.0"
  resolved "https://codeload.github.com/drevops/bats-helpers/tar.gz/6dbd48363106eb06dcd903ba641cfe3ee8ad1aeb"
  dependencies:
    bats "^1.10"

bats@^1.10:
  version "1.13.0"
  resolved "https://registry.yarnpkg.com/bats/-/bats-1.13.0.tgz#b90aa4434832fc80458ade07ebdeecee0925d8ae"
  integrity sha512-giSYKGTOcPZyJDbfbTtzAedLcNWdjCLbXYU3/MwPnjyvDXzu6Dgw8d2M+8jHhZXSmsCMSQqCp+YBsJ603UO4vQ==
