# THIS IS AN AUTOGENERATED FILE. DO NOT EDIT THIS FILE DIRECTLY.
# yarn lockfile v1


"bats-helpers@npm:@drevops/bats-helpers@^1.5.1":
  version "1.6.0"
  resolved "https://registry.yarnpkg.com/@drevops/bats-helpers/-/bats-helpers-1.6.0.tgz#0f157bd80ef232995a835a3662c28ac448938b01"
  integrity sha512-/42f8udsjX6zPdOS1XzZrVKBj/Ixin777n0kePYwxPGqoE78+nh7aHwSNlQ4iR8DeFVz22fDe+gEUDYBT25UaQ==
  dependencies:
    bats "^1"

bats@^1:
  version "1.13.0"
  resolved "https://registry.yarnpkg.com/bats/-/bats-1.13.0.tgz#b90aa4434832fc80458ade07ebdeecee0925d8ae"
  integrity sha512-giSYKGTOcPZyJDbfbTtzAedLcNWdjCLbXYU3/MwPnjyvDXzu6Dgw8d2M+8jHhZXSmsCMSQqCp+YBsJ603UO4vQ==
