{
    "_readme": [
        "This file locks the dependencies of your project to a known state",
        "Read more about it at https://getcomposer.org/doc/01-basic-usage.md#installing-dependencies",
        "This file is @generated automatically"
    ],
    "content-hash": "a6d577d72bcc14ee6e077e9a2d295cdf",
    "packages": [],
    "packages-dev": [
        {
            "name": "alexskrypnyk/shell-var-lint",
            "version": "dev-main",
            "source": {
                "type": "git",
                "url": "https://github.com/AlexSkrypnyk/shell-var-lint.git",
                "reference": "88c9c61f1b0fb852492d123fc6b213496e564451"
            },
            "dist": {
                "type": "zip",
                "url": "https://api.github.com/repos/AlexSkrypnyk/shell-var-lint/zipball/88c9c61f1b0fb852492d123fc6b213496e564451",
                "reference": "88c9c61f1b0fb852492d123fc6b213496e564451",
                "shasum": ""
            },
            "require": {
                "php": ">=8.1"
            },
            "require-dev": {
                "dealerdirect/phpcodesniffer-composer-installer": "^1",
                "drupal/coder": "^8.3",
                "phpmd/phpmd": "^2.13",
                "phpstan/phpstan": "^1.10",
                "phpunit/phpunit": "^10"
            },
            "default-branch": true,
            "bin": [
                "shell-var-lint"
            ],
            "type": "library",
            "notification-url": "https://packagist.org/downloads/",
            "license": [
                "GPL-2.0-or-later"
            ],
            "authors": [
                {
                    "name": "Alex Skrypnyk",
                    "email": "alex@drevops.com",
                    "role": "Maintainer"
                }
            ],
            "description": "Lint and fix shell vars to ${VAR} format.",
            "homepage": "https://github.com/alexskrypnyk/shell-var-lint",
            "support": {
                "issues": "https://github.com/alexskrypnyk/shell-var-lint/issues",
                "source": "https://github.com/alexskrypnyk/shell-var-lint"
            },
            "funding": [
                {
                    "url": "https://www.patreon.com/alexskrypnyk",
                    "type": "patreon"
                }
            ],
            "time": "2023-09-07T04:25:17+00:00"
        }
    ],
    "aliases": [],
    "minimum-stability": "dev",
    "stability-flags": [],
    "prefer-stable": false,
    "prefer-lowest": false,
    "platform": [],
    "platform-dev": [],
    "plugin-api-version": "2.3.0"
}
