@@ -1,10 +1,10 @@
 {
-  "name": "star_wars",
+  "name": "the_new_hope",
   "lockfileVersion": 3,
   "requires": true,
   "packages": {
     "": {
-      "name": "star_wars",
+      "name": "the_new_hope",
       "license": "proprietary",
       "devDependencies": {
         "@eslint/compat": "__VERSION__",
