{
    "name": "vortex-tests",
    "version": "1.0.0",
    "lockfileVersion": 2,
    "requires": true,
    "packages": {
        "": {
            "name": "vortex-tests",
            "version": "1.0.0",
            "license": "GPL-2.0-or-later",
            "devDependencies": {
                "bats-helpers": "npm:@drevops/bats-helpers@^1.3.1"
            }
        },
        "node_modules/bats": {
            "version": "1.10.0",
            "resolved": "https://registry.npmjs.org/bats/-/bats-1.10.0.tgz",
            "integrity": "sha512-yOQrC7npuCrN+Ic3TyjTjJlzHa0qlK3oEO6VAYPWwFeutx/GmpljIyB6uNSl/UTASyc2w4FgVuA/QMMf9OdsCw==",
            "dev": true,
            "bin": {
                "bats": "bin/bats"
            }
        },
        "node_modules/bats-helpers": {
            "name": "@drevops/bats-helpers",
            "version": "1.3.1",
            "resolved": "https://registry.npmjs.org/@drevops/bats-helpers/-/bats-helpers-1.3.1.tgz",
            "integrity": "sha512-CeKDILw3+o1W+L3EzMEo5E1is5UMc+tCbjMYJT+NE42cjNhH5l2+HTWksX5nc8unhmqysTOTn7zkp79LJLoX8w==",
            "dev": true,
            "dependencies": {
                "bats": "^1"
            }
        }
    },
    "dependencies": {
        "bats": {
            "version": "1.10.0",
            "resolved": "https://registry.npmjs.org/bats/-/bats-1.10.0.tgz",
            "integrity": "sha512-yOQrC7npuCrN+Ic3TyjTjJlzHa0qlK3oEO6VAYPWwFeutx/GmpljIyB6uNSl/UTASyc2w4FgVuA/QMMf9OdsCw==",
            "dev": true
        },
        "bats-helpers": {
            "version": "npm:@drevops/bats-helpers@1.3.1",
            "resolved": "https://registry.npmjs.org/@drevops/bats-helpers/-/bats-helpers-1.3.1.tgz",
            "integrity": "sha512-CeKDILw3+o1W+L3EzMEo5E1is5UMc+tCbjMYJT+NE42cjNhH5l2+HTWksX5nc8unhmqysTOTn7zkp79LJLoX8w==",
            "dev": true,
            "requires": {
                "bats": "^1"
            }
        }
    }
}
