# THIS IS AN AUTOGENERATED FILE. DO NOT EDIT THIS FILE DIRECTLY.
# yarn lockfile v1


"bats-helpers@npm:@drevops/bats-helpers@^1.5":
  version "1.5.0"
  resolved "https://registry.yarnpkg.com/@drevops/bats-helpers/-/bats-helpers-1.5.0.tgz#f08a6e0e7c9a9b14b45bcc679440871448f0c7a5"
  integrity sha512-e1D3nvU/3PhpJD/y2uEfH/C3T7hO/O3TUuuqqtgewsekeW6ZjDLfjXG4O/6ldxirmifvuxUlc5FqVVqCJod3NA==
  dependencies:
    bats "^1"

bats@^1:
  version "1.12.0"
  resolved "https://registry.yarnpkg.com/bats/-/bats-1.12.0.tgz#3ed99170325141e5d6dd53a84c3e5a702d5ab5be"
  integrity sha512-1HTv2n+fjn3bmY9SNDgmzS6bjoKtVlSK2pIHON5aSA2xaqGkZFoCCWP46/G6jm9zZ7MCi84mD+3Byw4t3KGwBg==
