# THIS IS AN AUTOGENERATED FILE. DO NOT EDIT THIS FILE DIRECTLY.
# yarn lockfile v1


"bats-helpers@npm:@drevops/bats-helpers@^1.3.1":
  version "1.4.2"
  resolved "https://registry.yarnpkg.com/@drevops/bats-helpers/-/bats-helpers-1.4.2.tgz#191fc33f727853bdf7e76cffc4a18eed39ae4d51"
  integrity sha512-GQ0XhMRwGW0p9aJ2cWAVUg8IES7iL51K92JDZB7su87ZdQOFq3jXrdftAa3fjfSSe/k9373MSScpOZKU9CZHCA==
  dependencies:
    bats "^1"

bats@^1:
  version "1.12.0"
  resolved "https://registry.yarnpkg.com/bats/-/bats-1.12.0.tgz#3ed99170325141e5d6dd53a84c3e5a702d5ab5be"
  integrity sha512-1HTv2n+fjn3bmY9SNDgmzS6bjoKtVlSK2pIHON5aSA2xaqGkZFoCCWP46/G6jm9zZ7MCi84mD+3Byw4t3KGwBg==
